
Microsoft Visual Studio Solution File, Format Version 12.00
# Visual Studio 14
VisualStudioVersion = 14.0.25420.1
MinimumVisualStudioVersion = 10.0.40219.1
Project("{8BB2217D-0F2D-49D1-97BC-3654ED321F3B}") = "getAddress.Sequence", "getAddress.Sequence.dotNetCore\getAddress.Sequence.xproj", "{0BE7E14B-3BB5-46EC-A7B1-20641FA25424}"
EndProject
Project("{8BB2217D-0F2D-49D1-97BC-3654ED321F3B}") = "getAddress.Sequence.EntityFramework.dotNetCore", "getAddress.Sequence.EntityFramework.dotNetCore\getAddress.Sequence.EntityFramework.dotNetCore.xproj", "{5CB98830-F62E-4DFA-802C-37A90C50BAEC}"
EndProject
Project("{8BB2217D-0F2D-49D1-97BC-3654ED321F3B}") = "getAddress.Sequence.dotNetCore.Tests", "getAddress.Sequence.dotNetCore.Tests\getAddress.Sequence.dotNetCore.Tests.xproj", "{C82EA650-346E-49B3-86B8-C1E62960040E}"
EndProject
Global
	GlobalSection(SolutionConfigurationPlatforms) = preSolution
		Debug|Any CPU = Debug|Any CPU
		Release|Any CPU = Release|Any CPU
	EndGlobalSection
	GlobalSection(ProjectConfigurationPlatforms) = postSolution
		{0BE7E14B-3BB5-46EC-A7B1-20641FA25424}.Debug|Any CPU.ActiveCfg = Debug|Any CPU
		{0BE7E14B-3BB5-46EC-A7B1-20641FA25424}.Debug|Any CPU.Build.0 = Debug|Any CPU
		{0BE7E14B-3BB5-46EC-A7B1-20641FA25424}.Release|Any CPU.ActiveCfg = Release|Any CPU
		{0BE7E14B-3BB5-46EC-A7B1-20641FA25424}.Release|Any CPU.Build.0 = Release|Any CPU
		{5CB98830-F62E-4DFA-802C-37A90C50BAEC}.Debug|Any CPU.ActiveCfg = Debug|Any CPU
		{5CB98830-F62E-4DFA-802C-37A90C50BAEC}.Debug|Any CPU.Build.0 = Debug|Any CPU
		{5CB98830-F62E-4DFA-802C-37A90C50BAEC}.Release|Any CPU.ActiveCfg = Release|Any CPU
		{5CB98830-F62E-4DFA-802C-37A90C50BAEC}.Release|Any CPU.Build.0 = Release|Any CPU
		{C82EA650-346E-49B3-86B8-C1E62960040E}.Debug|Any CPU.ActiveCfg = Debug|Any CPU
		{C82EA650-346E-49B3-86B8-C1E62960040E}.Debug|Any CPU.Build.0 = Debug|Any CPU
		{C82EA650-346E-49B3-86B8-C1E62960040E}.Release|Any CPU.ActiveCfg = Release|Any CPU
		{C82EA650-346E-49B3-86B8-C1E62960040E}.Release|Any CPU.Build.0 = Release|Any CPU
	EndGlobalSection
	GlobalSection(SolutionProperties) = preSolution
		HideSolutionNode = FALSE
	EndGlobalSection
EndGlobal
